
Microsoft Visual Studio Solution File, Format Version 12.00
# Visual Studio Version 16
VisualStudioVersion = 16.0.32002.261
MinimumVisualStudioVersion = 10.0.40219.1
Project("{FAE04EC0-301F-11D3-BF4B-00C04F79EFBC}") = "ConsoleApp9", "ConsoleApp9\ConsoleApp9.csproj", "{FF2C6E25-10A1-4A4F-83C0-3A8DEECC2F51}"
EndProject
Global
	GlobalSection(SolutionConfigurationPlatforms) = preSolution
		Debug|Any CPU = Debug|Any CPU
		Release|Any CPU = Release|Any CPU
	EndGlobalSection
	GlobalSection(ProjectConfigurationPlatforms) = postSolution
		{FF2C6E25-10A1-4A4F-83C0-3A8DEECC2F51}.Debug|Any CPU.ActiveCfg = Debug|Any CPU
		{FF2C6E25-10A1-4A4F-83C0-3A8DEECC2F51}.Debug|Any CPU.Build.0 = Debug|Any CPU
		{FF2C6E25-10A1-4A4F-83C0-3A8DEECC2F51}.Release|Any CPU.ActiveCfg = Release|Any CPU
		{FF2C6E25-10A1-4A4F-83C0-3A8DEECC2F51}.Release|Any CPU.Build.0 = Release|Any CPU
	EndGlobalSection
	GlobalSection(SolutionProperties) = preSolution
		HideSolutionNode = FALSE
	EndGlobalSection
	GlobalSection(ExtensibilityGlobals) = postSolution
		SolutionGuid = {448F145E-1F45-47EB-BE89-FC92D9CD8796}
	EndGlobalSection
EndGlobal
